<?xml version="1.0" encoding="utf-8"?>
<Project ToolsVersion="4.0" xmlns="http://schemas.microsoft.com/developer/msbuild/2003">
  <ItemGroup>
    <Filter Include="Source Files">
      <UniqueIdentifier>{4FC737F1-C7A5-4376-A066-2A32D752A2FF}</UniqueIdentifier>
      <Extensions>cpp;c;cc;cxx;def;odl;idl;hpj;bat;asm;asmx</Extensions>
    </Filter>
    <Filter Include="Header Files">
      <UniqueIdentifier>{93995380-89BD-4b04-88EB-625FBE52EBFB}</UniqueIdentifier>
      <Extensions>h;hpp;hxx;hm;inl;inc;xsd</Extensions>
    </Filter>
    <Filter Include="Resource Files">
      <UniqueIdentifier>{67DA6AB6-F800-4c08-8B7A-83BB121AAD01}</UniqueIdentifier>
      <Extensions>rc;ico;cur;bmp;dlg;rc2;rct;bin;rgs;gif;jpg;jpeg;jpe;resx;tiff;tif;png;wav;mfcribbon-ms</Extensions>
    </Filter>
    <Filter Include="Source Files\AsiLoader">
      <UniqueIdentifier>{8cde70f1-fafb-49ab-ad0e-4de376329b8b}</UniqueIdentifier>
    </Filter>
    <Filter Include="Source Files\Utility">
      <UniqueIdentifier>{6e251616-317e-4020-853e-bb93324c6bfc}</UniqueIdentifier>
    </Filter>
    <Filter Include="Header Files\AsiLoader">
      <UniqueIdentifier>{155396e6-16a4-4a2a-ae17-35c8335d83fa}</UniqueIdentifier>
    </Filter>
    <Filter Include="Header Files\Utility">
      <UniqueIdentifier>{cced54b4-2189-42cd-9bbd-6556b791f61a}</UniqueIdentifier>
    </Filter>
  </ItemGroup>
  <ItemGroup>
    <ClCompile Include="xinput1_3.cpp">
      <Filter>Source Files</Filter>
    </ClCompile>
    <ClCompile Include="ExeFile.cpp">
      <Filter>Source Files</Filter>
    </ClCompile>
    <ClCompile Include="Handles.cpp">
      <Filter>Source Files</Filter>
    </ClCompile>
    <ClCompile Include="Memory.cpp">
      <Filter>Source Files</Filter>
    </ClCompile>
    <ClCompile Include="PatternScanner.cpp">
      <Filter>Source Files</Filter>
    </ClCompile>
    <ClCompile Include="ASI Loader\ASILoader.cpp">
      <Filter>Source Files\AsiLoader</Filter>
    </ClCompile>
    <ClCompile Include="Utility\Console.cpp">
      <Filter>Source Files\Utility</Filter>
    </ClCompile>
    <ClCompile Include="Utility\General.cpp">
      <Filter>Source Files\Utility</Filter>
    </ClCompile>
    <ClCompile Include="Utility\Log.cpp">
      <Filter>Source Files\Utility</Filter>
    </ClCompile>
    <ClCompile Include="Utility\Pattern.cpp">
      <Filter>Source Files\Utility</Filter>
    </ClCompile>
    <ClCompile Include="Utility\PEImage.cpp">
      <Filter>Source Files\Utility</Filter>
    </ClCompile>
  </ItemGroup>
  <ItemGroup>
    <None Include="xinput1_3.def">
      <Filter>Source Files</Filter>
    </None>
  </ItemGroup>
  <ItemGroup>
    <MASM Include="xinput1_3_asm.asm">
      <Filter>Source Files</Filter>
    </MASM>
  </ItemGroup>
  <ItemGroup>
    <ClInclude Include="Memory.h">
      <Filter>Header Files</Filter>
    </ClInclude>
    <ClInclude Include="Handles.h">
      <Filter>Header Files</Filter>
    </ClInclude>
    <ClInclude Include="ExeFile.h">
      <Filter>Header Files</Filter>
    </ClInclude>
    <ClInclude Include="CaptainHook.h">
      <Filter>Header Files</Filter>
    </ClInclude>
    <ClInclude Include="MinHook.h">
      <Filter>Header Files</Filter>
    </ClInclude>
    <ClInclude Include="PatternScanner.h">
      <Filter>Header Files</Filter>
    </ClInclude>
    <ClInclude Include="Utility\PEImage.h">
      <Filter>Header Files\Utility</Filter>
    </ClInclude>
    <ClInclude Include="Utility\Pattern.h">
      <Filter>Header Files\Utility</Filter>
    </ClInclude>
    <ClInclude Include="Utility\Log.h">
      <Filter>Header Files\Utility</Filter>
    </ClInclude>
    <ClInclude Include="Utility\General.h">
      <Filter>Header Files\Utility</Filter>
    </ClInclude>
    <ClInclude Include="Utility\Console.h">
      <Filter>Header Files\Utility</Filter>
    </ClInclude>
    <ClInclude Include="ASI Loader\ASILoader.h">
      <Filter>Header Files\AsiLoader</Filter>
    </ClInclude>
  </ItemGroup>
</Project>